
Microsoft Visual Studio Solution File, Format Version 12.00
# Visual Studio Version 16
VisualStudioVersion = 16.0.29926.136
MinimumVisualStudioVersion = 10.0.40219.1
Project("{FAE04EC0-301F-11D3-BF4B-00C04F79EFBC}") = "Quizbot", "Quizbot\Quizbot.csproj", "{984246D6-7A7B-47A7-A37E-7FBDBE58B438}"
EndProject
Global
	GlobalSection(SolutionConfigurationPlatforms) = preSolution
		Debug|Any CPU = Debug|Any CPU
		Release|Any CPU = Release|Any CPU
	EndGlobalSection
	GlobalSection(ProjectConfigurationPlatforms) = postSolution
		{984246D6-7A7B-47A7-A37E-7FBDBE58B438}.Debug|Any CPU.ActiveCfg = Debug|Any CPU
		{984246D6-7A7B-47A7-A37E-7FBDBE58B438}.Debug|Any CPU.Build.0 = Debug|Any CPU
		{984246D6-7A7B-47A7-A37E-7FBDBE58B438}.Release|Any CPU.ActiveCfg = Release|Any CPU
		{984246D6-7A7B-47A7-A37E-7FBDBE58B438}.Release|Any CPU.Build.0 = Release|Any CPU
	EndGlobalSection
	GlobalSection(SolutionProperties) = preSolution
		HideSolutionNode = FALSE
	EndGlobalSection
	GlobalSection(ExtensibilityGlobals) = postSolution
		SolutionGuid = {463C2559-B8EB-498C-A219-065602D99B54}
	EndGlobalSection
EndGlobal
